/mnt/seaes01-data01/nixon-microbiome/shared/bioinformatic_toolkit/output_repository_snaedis_mat/GDE27AAK_forward_paired.fq
/mnt/seaes01-data01/nixon-microbiome/shared/bioinformatic_toolkit/output_repository_snaedis_mat/GDE29AAK_forward_paired.fq
/mnt/seaes01-data01/nixon-microbiome/shared/bioinformatic_toolkit/output_repository_snaedis_mat/GDE31AAK_forward_paired.fq
/mnt/seaes01-data01/nixon-microbiome/shared/bioinformatic_toolkit/output_repository_snaedis_mat/GDE33AAK_forward_paired.fq
/mnt/seaes01-data01/nixon-microbiome/shared/bioinformatic_toolkit/output_repository_snaedis_mat/GDE35AAK_forward_paired.fq
/mnt/seaes01-data01/nixon-microbiome/shared/bioinformatic_toolkit/output_repository_snaedis_mat/GDE27AAK_reverse_paired.fq
/mnt/seaes01-data01/nixon-microbiome/shared/bioinformatic_toolkit/output_repository_snaedis_mat/GDE29AAK_reverse_paired.fq
/mnt/seaes01-data01/nixon-microbiome/shared/bioinformatic_toolkit/output_repository_snaedis_mat/GDE31AAK_reverse_paired.fq
/mnt/seaes01-data01/nixon-microbiome/shared/bioinformatic_toolkit/output_repository_snaedis_mat/GDE33AAK_reverse_paired.fq
/mnt/seaes01-data01/nixon-microbiome/shared/bioinformatic_toolkit/output_repository_snaedis_mat/GDE35AAK_reverse_paired.fq
/mnt/seaes01-data01/nixon-microbiome/shared/bioinformatic_toolkit/output_repository_snaedis_mat/GDE27AAK_fastqc
/mnt/seaes01-data01/nixon-microbiome/shared/bioinformatic_toolkit/output_repository_snaedis_mat/GDE29AAK_fastqc
/mnt/seaes01-data01/nixon-microbiome/shared/bioinformatic_toolkit/output_repository_snaedis_mat/GDE31AAK_fastqc
/mnt/seaes01-data01/nixon-microbiome/shared/bioinformatic_toolkit/output_repository_snaedis_mat/GDE33AAK_fastqc
/mnt/seaes01-data01/nixon-microbiome/shared/bioinformatic_toolkit/output_repository_snaedis_mat/GDE35AAK_fastqc
/mnt/seaes01-data01/nixon-microbiome/shared/bioinformatic_toolkit/output_repository_snaedis_mat/GDE27AAK_assembly/contigs.fasta
/mnt/seaes01-data01/nixon-microbiome/shared/bioinformatic_toolkit/output_repository_snaedis_mat/GDE29AAK_assembly/contigs.fasta
/mnt/seaes01-data01/nixon-microbiome/shared/bioinformatic_toolkit/output_repository_snaedis_mat/GDE31AAK_assembly/contigs.fasta
/mnt/seaes01-data01/nixon-microbiome/shared/bioinformatic_toolkit/output_repository_snaedis_mat/GDE33AAK_assembly/contigs.fasta
/mnt/seaes01-data01/nixon-microbiome/shared/bioinformatic_toolkit/output_repository_snaedis_mat/GDE35AAK_assembly/contigs.fasta
/mnt/seaes01-data01/nixon-microbiome/shared/bioinformatic_toolkit/output_repository_snaedis_mat/GDE27AAK_quast_report
/mnt/seaes01-data01/nixon-microbiome/shared/bioinformatic_toolkit/output_repository_snaedis_mat/GDE29AAK_quast_report
/mnt/seaes01-data01/nixon-microbiome/shared/bioinformatic_toolkit/output_repository_snaedis_mat/GDE31AAK_quast_report
/mnt/seaes01-data01/nixon-microbiome/shared/bioinformatic_toolkit/output_repository_snaedis_mat/GDE33AAK_quast_report
/mnt/seaes01-data01/nixon-microbiome/shared/bioinformatic_toolkit/output_repository_snaedis_mat/GDE35AAK_quast_report
/mnt/seaes01-data01/nixon-microbiome/shared/bioinformatic_toolkit/output_repository_snaedis_mat/GDE27AAK_S3/GDE27AAK_S3_gene_abundance.tsv
/mnt/seaes01-data01/nixon-microbiome/shared/bioinformatic_toolkit/output_repository_snaedis_mat/GDE29AAK_S3/GDE29AAK_S3_gene_abundance.tsv
/mnt/seaes01-data01/nixon-microbiome/shared/bioinformatic_toolkit/output_repository_snaedis_mat/GDE31AAK_S3/GDE31AAK_S3_gene_abundance.tsv
/mnt/seaes01-data01/nixon-microbiome/shared/bioinformatic_toolkit/output_repository_snaedis_mat/GDE33AAK_S3/GDE33AAK_S3_gene_abundance.tsv
/mnt/seaes01-data01/nixon-microbiome/shared/bioinformatic_toolkit/output_repository_snaedis_mat/GDE35AAK_S3/GDE35AAK_S3_gene_abundance.tsv
/mnt/seaes01-data01/nixon-microbiome/shared/bioinformatic_toolkit/symlink_staging/GDE27AAK_1.fastq.gz
/mnt/seaes01-data01/nixon-microbiome/shared/bioinformatic_toolkit/symlink_staging/GDE27AAK_2.fastq.gz
/mnt/seaes01-data01/nixon-microbiome/shared/bioinformatic_toolkit/symlink_staging/GDE29AAK_1.fastq.gz
/mnt/seaes01-data01/nixon-microbiome/shared/bioinformatic_toolkit/symlink_staging/GDE29AAK_2.fastq.gz
/mnt/seaes01-data01/nixon-microbiome/shared/bioinformatic_toolkit/symlink_staging/GDE31AAK_1.fastq.gz
/mnt/seaes01-data01/nixon-microbiome/shared/bioinformatic_toolkit/symlink_staging/GDE31AAK_2.fastq.gz
/mnt/seaes01-data01/nixon-microbiome/shared/bioinformatic_toolkit/symlink_staging/GDE33AAK_1.fastq.gz
/mnt/seaes01-data01/nixon-microbiome/shared/bioinformatic_toolkit/symlink_staging/GDE33AAK_2.fastq.gz
/mnt/seaes01-data01/nixon-microbiome/shared/bioinformatic_toolkit/symlink_staging/GDE35AAK_1.fastq.gz
/mnt/seaes01-data01/nixon-microbiome/shared/bioinformatic_toolkit/symlink_staging/GDE35AAK_2.fastq.gz
/mnt/seaes01-data01/nixon-microbiome/shared/bioinformatic_toolkit/output_repository_snaedis_mat/GDE27AAK_forward_paired.fq
/mnt/seaes01-data01/nixon-microbiome/shared/bioinformatic_toolkit/output_repository_snaedis_mat/GDE27AAK_reverse_paired.fq
/mnt/seaes01-data01/nixon-microbiome/shared/bioinformatic_toolkit/output_repository_snaedis_mat/GDE29AAK_forward_paired.fq
/mnt/seaes01-data01/nixon-microbiome/shared/bioinformatic_toolkit/output_repository_snaedis_mat/GDE29AAK_reverse_paired.fq
/mnt/seaes01-data01/nixon-microbiome/shared/bioinformatic_toolkit/output_repository_snaedis_mat/GDE31AAK_forward_paired.fq
/mnt/seaes01-data01/nixon-microbiome/shared/bioinformatic_toolkit/output_repository_snaedis_mat/GDE31AAK_reverse_paired.fq
/mnt/seaes01-data01/nixon-microbiome/shared/bioinformatic_toolkit/output_repository_snaedis_mat/GDE33AAK_forward_paired.fq
/mnt/seaes01-data01/nixon-microbiome/shared/bioinformatic_toolkit/output_repository_snaedis_mat/GDE33AAK_reverse_paired.fq
/mnt/seaes01-data01/nixon-microbiome/shared/bioinformatic_toolkit/output_repository_snaedis_mat/GDE35AAK_forward_paired.fq
/mnt/seaes01-data01/nixon-microbiome/shared/bioinformatic_toolkit/output_repository_snaedis_mat/GDE35AAK_reverse_paired.fq
/mnt/seaes01-data01/nixon-microbiome/shared/bioinformatic_toolkit/output_repository_snaedis_mat/GDE27AAK_forward_paired.fq
/mnt/seaes01-data01/nixon-microbiome/shared/bioinformatic_toolkit/output_repository_snaedis_mat/GDE27AAK_reverse_paired.fq
/mnt/seaes01-data01/nixon-microbiome/shared/bioinformatic_toolkit/output_repository_snaedis_mat/GDE29AAK_forward_paired.fq
/mnt/seaes01-data01/nixon-microbiome/shared/bioinformatic_toolkit/output_repository_snaedis_mat/GDE29AAK_reverse_paired.fq
/mnt/seaes01-data01/nixon-microbiome/shared/bioinformatic_toolkit/output_repository_snaedis_mat/GDE31AAK_forward_paired.fq
/mnt/seaes01-data01/nixon-microbiome/shared/bioinformatic_toolkit/output_repository_snaedis_mat/GDE31AAK_reverse_paired.fq
/mnt/seaes01-data01/nixon-microbiome/shared/bioinformatic_toolkit/output_repository_snaedis_mat/GDE33AAK_forward_paired.fq
/mnt/seaes01-data01/nixon-microbiome/shared/bioinformatic_toolkit/output_repository_snaedis_mat/GDE33AAK_reverse_paired.fq
/mnt/seaes01-data01/nixon-microbiome/shared/bioinformatic_toolkit/output_repository_snaedis_mat/GDE35AAK_forward_paired.fq
/mnt/seaes01-data01/nixon-microbiome/shared/bioinformatic_toolkit/output_repository_snaedis_mat/GDE35AAK_reverse_paired.fq
/mnt/seaes01-data01/nixon-microbiome/shared/bioinformatic_toolkit/output_repository_snaedis_mat/GDE27AAK_assembly/contigs.fasta
/mnt/seaes01-data01/nixon-microbiome/shared/bioinformatic_toolkit/output_repository_snaedis_mat/GDE29AAK_assembly/contigs.fasta
/mnt/seaes01-data01/nixon-microbiome/shared/bioinformatic_toolkit/output_repository_snaedis_mat/GDE31AAK_assembly/contigs.fasta
/mnt/seaes01-data01/nixon-microbiome/shared/bioinformatic_toolkit/output_repository_snaedis_mat/GDE33AAK_assembly/contigs.fasta
/mnt/seaes01-data01/nixon-microbiome/shared/bioinformatic_toolkit/output_repository_snaedis_mat/GDE35AAK_assembly/contigs.fasta
/mnt/seaes01-data01/nixon-microbiome/shared/bioinformatic_toolkit/output_repository_snaedis_mat/GDE27AAK_forward_paired.fq
/mnt/seaes01-data01/nixon-microbiome/shared/bioinformatic_toolkit/output_repository_snaedis_mat/GDE27AAK_reverse_paired.fq
/mnt/seaes01-data01/nixon-microbiome/shared/bioinformatic_toolkit/output_repository_snaedis_mat/GDE27AAK_S3/GDE27AAK_annotated_s3_genes_nospace.fasta
/mnt/seaes01-data01/nixon-microbiome/shared/bioinformatic_toolkit/output_repository_snaedis_mat/GDE27AAK_S3/GDE27AAK_annotated_s3_genes.fasta
/mnt/seaes01-data01/nixon-microbiome/shared/bioinformatic_toolkit/output_repository_snaedis_mat/GDE27AAK_S3/GDE27AAK_blast_sorted_bitscore.csv
/mnt/seaes01-data01/nixon-microbiome/shared/bioinformatic_toolkit/output_repository_snaedis_mat/GDE27AAK_S3/GDE27AAK_genes.fna
/mnt/seaes01-data01/nixon-microbiome/shared/bioinformatic_toolkit/output_repository_snaedis_mat/GDE27AAK_S3/GDE27AAK_blast_sorted_bitscore.txt
/mnt/seaes01-data01/nixon-microbiome/shared/bioinformatic_toolkit/output_repository_snaedis_mat/GDE27AAK_S3/GDE27AAK_blast_sorted_matched.txt
/mnt/seaes01-data01/nixon-microbiome/shared/bioinformatic_toolkit/output_repository_snaedis_mat/GDE27AAK_S3/GDE27AAK_blast_sorted.txt
/mnt/seaes01-data01/nixon-microbiome/shared/bioinformatic_toolkit/output_repository_snaedis_mat/GDE27AAK_S3/GDE27AAK_blast.txt
/mnt/seaes01-data01/nixon-microbiome/shared/bioinformatic_toolkit/output_repository_snaedis_mat/GDE27AAK_S3/GDE27AAK_genes_S3_clustered.faa
/mnt/seaes01-data01/nixon-microbiome/shared/bioinformatic_toolkit/output_repository_snaedis_mat/GDE27AAK_S3/GDE27AAK_genes_S3.faa
/mnt/seaes01-data01/nixon-microbiome/shared/bioinformatic_toolkit/output_repository_snaedis_mat/GDE27AAK_S3/GDE27AAK_S3_genes_refined.tsv
/mnt/seaes01-data01/nixon-microbiome/shared/bioinformatic_toolkit/output_repository_snaedis_mat/GDE27AAK_S3/GDE27AAK_genes.faa
/mnt/seaes01-data01/nixon-microbiome/shared/bioinformatic_toolkit/output_repository_snaedis_mat/GDE27AAK_S3/GDE27AAK_genes_annotated.txt
/mnt/seaes01-data01/nixon-microbiome/shared/bioinformatic_toolkit/output_repository_snaedis_mat/GDE27AAK_S3/GDE27AAK_genes.faa
/mnt/seaes01-data01/nixon-microbiome/shared/bioinformatic_toolkit/output_repository_snaedis_mat/GDE27AAK_assembly/contigs.fasta
/mnt/seaes01-data01/nixon-microbiome/shared/bioinformatic_toolkit/output_repository_snaedis_mat/GDE29AAK_forward_paired.fq
/mnt/seaes01-data01/nixon-microbiome/shared/bioinformatic_toolkit/output_repository_snaedis_mat/GDE29AAK_reverse_paired.fq
/mnt/seaes01-data01/nixon-microbiome/shared/bioinformatic_toolkit/output_repository_snaedis_mat/GDE29AAK_S3/GDE29AAK_annotated_s3_genes_nospace.fasta
/mnt/seaes01-data01/nixon-microbiome/shared/bioinformatic_toolkit/output_repository_snaedis_mat/GDE29AAK_S3/GDE29AAK_annotated_s3_genes.fasta
/mnt/seaes01-data01/nixon-microbiome/shared/bioinformatic_toolkit/output_repository_snaedis_mat/GDE29AAK_S3/GDE29AAK_blast_sorted_bitscore.csv
/mnt/seaes01-data01/nixon-microbiome/shared/bioinformatic_toolkit/output_repository_snaedis_mat/GDE29AAK_S3/GDE29AAK_genes.fna
/mnt/seaes01-data01/nixon-microbiome/shared/bioinformatic_toolkit/output_repository_snaedis_mat/GDE29AAK_S3/GDE29AAK_blast_sorted_bitscore.txt
/mnt/seaes01-data01/nixon-microbiome/shared/bioinformatic_toolkit/output_repository_snaedis_mat/GDE29AAK_S3/GDE29AAK_blast_sorted_matched.txt
/mnt/seaes01-data01/nixon-microbiome/shared/bioinformatic_toolkit/output_repository_snaedis_mat/GDE29AAK_S3/GDE29AAK_blast_sorted.txt
/mnt/seaes01-data01/nixon-microbiome/shared/bioinformatic_toolkit/output_repository_snaedis_mat/GDE29AAK_S3/GDE29AAK_blast.txt
/mnt/seaes01-data01/nixon-microbiome/shared/bioinformatic_toolkit/output_repository_snaedis_mat/GDE29AAK_S3/GDE29AAK_genes_S3_clustered.faa
/mnt/seaes01-data01/nixon-microbiome/shared/bioinformatic_toolkit/output_repository_snaedis_mat/GDE29AAK_S3/GDE29AAK_genes_S3.faa
/mnt/seaes01-data01/nixon-microbiome/shared/bioinformatic_toolkit/output_repository_snaedis_mat/GDE29AAK_S3/GDE29AAK_S3_genes_refined.tsv
/mnt/seaes01-data01/nixon-microbiome/shared/bioinformatic_toolkit/output_repository_snaedis_mat/GDE29AAK_S3/GDE29AAK_genes.faa
/mnt/seaes01-data01/nixon-microbiome/shared/bioinformatic_toolkit/output_repository_snaedis_mat/GDE29AAK_S3/GDE29AAK_genes_annotated.txt
/mnt/seaes01-data01/nixon-microbiome/shared/bioinformatic_toolkit/output_repository_snaedis_mat/GDE29AAK_S3/GDE29AAK_genes.faa
/mnt/seaes01-data01/nixon-microbiome/shared/bioinformatic_toolkit/output_repository_snaedis_mat/GDE29AAK_assembly/contigs.fasta
/mnt/seaes01-data01/nixon-microbiome/shared/bioinformatic_toolkit/output_repository_snaedis_mat/GDE31AAK_forward_paired.fq
/mnt/seaes01-data01/nixon-microbiome/shared/bioinformatic_toolkit/output_repository_snaedis_mat/GDE31AAK_reverse_paired.fq
/mnt/seaes01-data01/nixon-microbiome/shared/bioinformatic_toolkit/output_repository_snaedis_mat/GDE31AAK_S3/GDE31AAK_annotated_s3_genes_nospace.fasta
/mnt/seaes01-data01/nixon-microbiome/shared/bioinformatic_toolkit/output_repository_snaedis_mat/GDE31AAK_S3/GDE31AAK_annotated_s3_genes.fasta
/mnt/seaes01-data01/nixon-microbiome/shared/bioinformatic_toolkit/output_repository_snaedis_mat/GDE31AAK_S3/GDE31AAK_blast_sorted_bitscore.csv
/mnt/seaes01-data01/nixon-microbiome/shared/bioinformatic_toolkit/output_repository_snaedis_mat/GDE31AAK_S3/GDE31AAK_genes.fna
/mnt/seaes01-data01/nixon-microbiome/shared/bioinformatic_toolkit/output_repository_snaedis_mat/GDE31AAK_S3/GDE31AAK_blast_sorted_bitscore.txt
/mnt/seaes01-data01/nixon-microbiome/shared/bioinformatic_toolkit/output_repository_snaedis_mat/GDE31AAK_S3/GDE31AAK_blast_sorted_matched.txt
/mnt/seaes01-data01/nixon-microbiome/shared/bioinformatic_toolkit/output_repository_snaedis_mat/GDE31AAK_S3/GDE31AAK_blast_sorted.txt
/mnt/seaes01-data01/nixon-microbiome/shared/bioinformatic_toolkit/output_repository_snaedis_mat/GDE31AAK_S3/GDE31AAK_blast.txt
/mnt/seaes01-data01/nixon-microbiome/shared/bioinformatic_toolkit/output_repository_snaedis_mat/GDE31AAK_S3/GDE31AAK_genes_S3_clustered.faa
/mnt/seaes01-data01/nixon-microbiome/shared/bioinformatic_toolkit/output_repository_snaedis_mat/GDE31AAK_S3/GDE31AAK_genes_S3.faa
/mnt/seaes01-data01/nixon-microbiome/shared/bioinformatic_toolkit/output_repository_snaedis_mat/GDE31AAK_S3/GDE31AAK_S3_genes_refined.tsv
/mnt/seaes01-data01/nixon-microbiome/shared/bioinformatic_toolkit/output_repository_snaedis_mat/GDE31AAK_S3/GDE31AAK_genes.faa
/mnt/seaes01-data01/nixon-microbiome/shared/bioinformatic_toolkit/output_repository_snaedis_mat/GDE31AAK_S3/GDE31AAK_genes_annotated.txt
/mnt/seaes01-data01/nixon-microbiome/shared/bioinformatic_toolkit/output_repository_snaedis_mat/GDE31AAK_S3/GDE31AAK_genes.faa
/mnt/seaes01-data01/nixon-microbiome/shared/bioinformatic_toolkit/output_repository_snaedis_mat/GDE31AAK_assembly/contigs.fasta
/mnt/seaes01-data01/nixon-microbiome/shared/bioinformatic_toolkit/output_repository_snaedis_mat/GDE33AAK_forward_paired.fq
/mnt/seaes01-data01/nixon-microbiome/shared/bioinformatic_toolkit/output_repository_snaedis_mat/GDE33AAK_reverse_paired.fq
/mnt/seaes01-data01/nixon-microbiome/shared/bioinformatic_toolkit/output_repository_snaedis_mat/GDE33AAK_S3/GDE33AAK_annotated_s3_genes_nospace.fasta
/mnt/seaes01-data01/nixon-microbiome/shared/bioinformatic_toolkit/output_repository_snaedis_mat/GDE33AAK_S3/GDE33AAK_annotated_s3_genes.fasta
/mnt/seaes01-data01/nixon-microbiome/shared/bioinformatic_toolkit/output_repository_snaedis_mat/GDE33AAK_S3/GDE33AAK_blast_sorted_bitscore.csv
/mnt/seaes01-data01/nixon-microbiome/shared/bioinformatic_toolkit/output_repository_snaedis_mat/GDE33AAK_S3/GDE33AAK_genes.fna
/mnt/seaes01-data01/nixon-microbiome/shared/bioinformatic_toolkit/output_repository_snaedis_mat/GDE33AAK_S3/GDE33AAK_blast_sorted_bitscore.txt
/mnt/seaes01-data01/nixon-microbiome/shared/bioinformatic_toolkit/output_repository_snaedis_mat/GDE33AAK_S3/GDE33AAK_blast_sorted_matched.txt
/mnt/seaes01-data01/nixon-microbiome/shared/bioinformatic_toolkit/output_repository_snaedis_mat/GDE33AAK_S3/GDE33AAK_blast_sorted.txt
/mnt/seaes01-data01/nixon-microbiome/shared/bioinformatic_toolkit/output_repository_snaedis_mat/GDE33AAK_S3/GDE33AAK_blast.txt
/mnt/seaes01-data01/nixon-microbiome/shared/bioinformatic_toolkit/output_repository_snaedis_mat/GDE33AAK_S3/GDE33AAK_genes_S3_clustered.faa
/mnt/seaes01-data01/nixon-microbiome/shared/bioinformatic_toolkit/output_repository_snaedis_mat/GDE33AAK_S3/GDE33AAK_genes_S3.faa
/mnt/seaes01-data01/nixon-microbiome/shared/bioinformatic_toolkit/output_repository_snaedis_mat/GDE33AAK_S3/GDE33AAK_S3_genes_refined.tsv
/mnt/seaes01-data01/nixon-microbiome/shared/bioinformatic_toolkit/output_repository_snaedis_mat/GDE33AAK_S3/GDE33AAK_genes.faa
/mnt/seaes01-data01/nixon-microbiome/shared/bioinformatic_toolkit/output_repository_snaedis_mat/GDE33AAK_S3/GDE33AAK_genes_annotated.txt
/mnt/seaes01-data01/nixon-microbiome/shared/bioinformatic_toolkit/output_repository_snaedis_mat/GDE33AAK_S3/GDE33AAK_genes.faa
/mnt/seaes01-data01/nixon-microbiome/shared/bioinformatic_toolkit/output_repository_snaedis_mat/GDE33AAK_assembly/contigs.fasta
/mnt/seaes01-data01/nixon-microbiome/shared/bioinformatic_toolkit/output_repository_snaedis_mat/GDE35AAK_forward_paired.fq
/mnt/seaes01-data01/nixon-microbiome/shared/bioinformatic_toolkit/output_repository_snaedis_mat/GDE35AAK_reverse_paired.fq
/mnt/seaes01-data01/nixon-microbiome/shared/bioinformatic_toolkit/output_repository_snaedis_mat/GDE35AAK_S3/GDE35AAK_annotated_s3_genes_nospace.fasta
/mnt/seaes01-data01/nixon-microbiome/shared/bioinformatic_toolkit/output_repository_snaedis_mat/GDE35AAK_S3/GDE35AAK_annotated_s3_genes.fasta
/mnt/seaes01-data01/nixon-microbiome/shared/bioinformatic_toolkit/output_repository_snaedis_mat/GDE35AAK_S3/GDE35AAK_blast_sorted_bitscore.csv
/mnt/seaes01-data01/nixon-microbiome/shared/bioinformatic_toolkit/output_repository_snaedis_mat/GDE35AAK_S3/GDE35AAK_genes.fna
/mnt/seaes01-data01/nixon-microbiome/shared/bioinformatic_toolkit/output_repository_snaedis_mat/GDE35AAK_S3/GDE35AAK_blast_sorted_bitscore.txt
/mnt/seaes01-data01/nixon-microbiome/shared/bioinformatic_toolkit/output_repository_snaedis_mat/GDE35AAK_S3/GDE35AAK_blast_sorted_matched.txt
/mnt/seaes01-data01/nixon-microbiome/shared/bioinformatic_toolkit/output_repository_snaedis_mat/GDE35AAK_S3/GDE35AAK_blast_sorted.txt
/mnt/seaes01-data01/nixon-microbiome/shared/bioinformatic_toolkit/output_repository_snaedis_mat/GDE35AAK_S3/GDE35AAK_blast.txt
/mnt/seaes01-data01/nixon-microbiome/shared/bioinformatic_toolkit/output_repository_snaedis_mat/GDE35AAK_S3/GDE35AAK_genes_S3_clustered.faa
/mnt/seaes01-data01/nixon-microbiome/shared/bioinformatic_toolkit/output_repository_snaedis_mat/GDE35AAK_S3/GDE35AAK_genes_S3.faa
/mnt/seaes01-data01/nixon-microbiome/shared/bioinformatic_toolkit/output_repository_snaedis_mat/GDE35AAK_S3/GDE35AAK_S3_genes_refined.tsv
/mnt/seaes01-data01/nixon-microbiome/shared/bioinformatic_toolkit/output_repository_snaedis_mat/GDE35AAK_S3/GDE35AAK_genes.faa
/mnt/seaes01-data01/nixon-microbiome/shared/bioinformatic_toolkit/output_repository_snaedis_mat/GDE35AAK_S3/GDE35AAK_genes_annotated.txt
/mnt/seaes01-data01/nixon-microbiome/shared/bioinformatic_toolkit/output_repository_snaedis_mat/GDE35AAK_S3/GDE35AAK_genes.faa
/mnt/seaes01-data01/nixon-microbiome/shared/bioinformatic_toolkit/output_repository_snaedis_mat/GDE35AAK_assembly/contigs.fasta
