/mnt/seaes01-data01/nixon-microbiome/shared/bioinformatic_toolkit/output_repository_snaedis_mat/GDE27AAK_S3/GDE27AAK_blast_sorted_matched.txt
/mnt/seaes01-data01/nixon-microbiome/shared/bioinformatic_toolkit/output_repository_snaedis_mat/GDE33AAK_S3/GDE33AAK_blast.txt
/mnt/seaes01-data01/nixon-microbiome/shared/bioinformatic_toolkit/output_repository_snaedis_mat/GDE33AAK_S3/GDE33AAK_blast_sorted_matched.txt
/mnt/seaes01-data01/nixon-microbiome/shared/bioinformatic_toolkit/output_repository_snaedis_mat/GDE27AAK_S3/GDE27AAK_genes_S3.faa
/mnt/seaes01-data01/nixon-microbiome/shared/bioinformatic_toolkit/output_repository_snaedis_mat/GDE27AAK_S3/GDE27AAK_annotated_s3_genes.fasta
/mnt/seaes01-data01/nixon-microbiome/shared/bioinformatic_toolkit/output_repository_snaedis_mat/GDE33AAK_S3/GDE33AAK_genes_annotated.txt
/mnt/seaes01-data01/nixon-microbiome/shared/bioinformatic_toolkit/output_repository_snaedis_mat/GDE27AAK_S3/GDE27AAK_blast_sorted.txt
/mnt/seaes01-data01/nixon-microbiome/shared/bioinformatic_toolkit/output_repository_snaedis_mat/GDE33AAK_S3/GDE33AAK_S3_gene_abundance.tsv
/mnt/seaes01-data01/nixon-microbiome/shared/bioinformatic_toolkit/output_repository_snaedis_mat/GDE33AAK_S3/GDE33AAK_genes_S3_clustered.faa
/mnt/seaes01-data01/nixon-microbiome/shared/bioinformatic_toolkit/output_repository_snaedis_mat/GDE27AAK_S3/GDE27AAK_S3_genes.tsv
/mnt/seaes01-data01/nixon-microbiome/shared/bioinformatic_toolkit/output_repository_snaedis_mat/GDE27AAK_S3/GDE27AAK_S3_genes_refined.tsv
/mnt/seaes01-data01/nixon-microbiome/shared/bioinformatic_toolkit/output_repository_snaedis_mat/GDE27AAK_S3/GDE27AAK_blast_sorted_bitscore.csv
/mnt/seaes01-data01/nixon-microbiome/shared/bioinformatic_toolkit/output_repository_snaedis_mat/GDE33AAK_S3/GDE33AAK_blast_sorted_bitscore.txt
/mnt/seaes01-data01/nixon-microbiome/shared/bioinformatic_toolkit/output_repository_snaedis_mat/GDE33AAK_S3/GDE33AAK_annotated_s3_genes_nospace.fasta
/mnt/seaes01-data01/nixon-microbiome/shared/bioinformatic_toolkit/output_repository_snaedis_mat/GDE27AAK_S3/GDE27AAK_blast.txt
/mnt/seaes01-data01/nixon-microbiome/shared/bioinformatic_toolkit/output_repository_snaedis_mat/GDE27AAK_S3/GDE27AAK_S3_gene_abundance.tsv
/mnt/seaes01-data01/nixon-microbiome/shared/bioinformatic_toolkit/output_repository_snaedis_mat/GDE33AAK_S3/GDE33AAK_genes_S3.faa
/mnt/seaes01-data01/nixon-microbiome/shared/bioinformatic_toolkit/output_repository_snaedis_mat/GDE33AAK_S3/GDE33AAK_blast_sorted.txt
/mnt/seaes01-data01/nixon-microbiome/shared/bioinformatic_toolkit/output_repository_snaedis_mat/GDE27AAK_S3/GDE27AAK_genes_annotated.txt
/mnt/seaes01-data01/nixon-microbiome/shared/bioinformatic_toolkit/output_repository_snaedis_mat/GDE27AAK_S3/GDE27AAK_blast_sorted_bitscore.txt
/mnt/seaes01-data01/nixon-microbiome/shared/bioinformatic_toolkit/output_repository_snaedis_mat/GDE27AAK_S3/GDE27AAK_genes_S3_clustered.faa
/mnt/seaes01-data01/nixon-microbiome/shared/bioinformatic_toolkit/output_repository_snaedis_mat/GDE27AAK_S3/GDE27AAK_annotated_s3_genes_nospace.fasta
/mnt/seaes01-data01/nixon-microbiome/shared/bioinformatic_toolkit/output_repository_snaedis_mat/GDE33AAK_S3/GDE33AAK_S3_genes.tsv
/mnt/seaes01-data01/nixon-microbiome/shared/bioinformatic_toolkit/output_repository_snaedis_mat/GDE33AAK_S3/GDE33AAK_S3_genes_refined.tsv
/mnt/seaes01-data01/nixon-microbiome/shared/bioinformatic_toolkit/output_repository_snaedis_mat/GDE33AAK_S3/GDE33AAK_blast_sorted_bitscore.csv
/mnt/seaes01-data01/nixon-microbiome/shared/bioinformatic_toolkit/output_repository_snaedis_mat/GDE33AAK_S3/GDE33AAK_annotated_s3_genes.fasta
