/mnt/seaes01-data01/nixon-microbiome/shared/bioinformatic_toolkit/output_repository/F3_prokka
/mnt/seaes01-data01/nixon-microbiome/shared/bioinformatic_toolkit/output_repository/F3_prokka/F3_annotated.gff
/mnt/seaes01-data01/nixon-microbiome/shared/bioinformatic_toolkit/output_repository/F3_prokka/F3_annotated.tsv
/mnt/seaes01-data01/nixon-microbiome/shared/bioinformatic_toolkit/output_repository/F3_prokka/F3_annotated.faa
/mnt/seaes01-data01/nixon-microbiome/shared/bioinformatic_toolkit/output_repository/O3_quast_report
/mnt/seaes01-data01/nixon-microbiome/shared/bioinformatic_toolkit/output_repository/O4_prokka
/mnt/seaes01-data01/nixon-microbiome/shared/bioinformatic_toolkit/output_repository/O4_prokka/O4_annotated.gff
/mnt/seaes01-data01/nixon-microbiome/shared/bioinformatic_toolkit/output_repository/O4_prokka/O4_annotated.tsv
/mnt/seaes01-data01/nixon-microbiome/shared/bioinformatic_toolkit/output_repository/O4_prokka/O4_annotated.faa
/mnt/seaes01-data01/nixon-microbiome/shared/bioinformatic_toolkit/output_repository/N3_contigs_filtered.fa
/mnt/seaes01-data01/nixon-microbiome/shared/bioinformatic_toolkit/output_repository/F3_contigs_IDs_trimmed.fasta
/mnt/seaes01-data01/nixon-microbiome/shared/bioinformatic_toolkit/output_repository/F1_contigs_filtered.fa
/mnt/seaes01-data01/nixon-microbiome/shared/bioinformatic_toolkit/output_repository/F3_fastqc
/mnt/seaes01-data01/nixon-microbiome/shared/bioinformatic_toolkit/output_repository/F3_quast_report
/mnt/seaes01-data01/nixon-microbiome/shared/bioinformatic_toolkit/output_repository/O2_contigs_IDs_trimmed.fasta
/mnt/seaes01-data01/nixon-microbiome/shared/bioinformatic_toolkit/output_repository/O2_prokka
/mnt/seaes01-data01/nixon-microbiome/shared/bioinformatic_toolkit/output_repository/O2_prokka/O2_annotated.gff
/mnt/seaes01-data01/nixon-microbiome/shared/bioinformatic_toolkit/output_repository/O2_prokka/O2_annotated.tsv
/mnt/seaes01-data01/nixon-microbiome/shared/bioinformatic_toolkit/output_repository/O2_prokka/O2_annotated.faa
/mnt/seaes01-data01/nixon-microbiome/shared/bioinformatic_toolkit/output_repository/N1_contigs_filtered.fa
/mnt/seaes01-data01/nixon-microbiome/shared/bioinformatic_toolkit/output_repository/O2_GENUS_kaiju.table
/mnt/seaes01-data01/nixon-microbiome/shared/bioinformatic_toolkit/output_repository/F2_contigs_filtered.fa
/mnt/seaes01-data01/nixon-microbiome/shared/bioinformatic_toolkit/output_repository/O2_CLASS_kaiju.table
/mnt/seaes01-data01/nixon-microbiome/shared/bioinformatic_toolkit/output_repository/F2_prokka
/mnt/seaes01-data01/nixon-microbiome/shared/bioinformatic_toolkit/output_repository/F2_prokka/F2_annotated.gff
/mnt/seaes01-data01/nixon-microbiome/shared/bioinformatic_toolkit/output_repository/F2_prokka/F2_annotated.tsv
/mnt/seaes01-data01/nixon-microbiome/shared/bioinformatic_toolkit/output_repository/F2_prokka/F2_annotated.faa
/mnt/seaes01-data01/nixon-microbiome/shared/bioinformatic_toolkit/output_repository/O3_contigs_filtered.fa
/mnt/seaes01-data01/nixon-microbiome/shared/bioinformatic_toolkit/output_repository/N3_prokka
/mnt/seaes01-data01/nixon-microbiome/shared/bioinformatic_toolkit/output_repository/N3_prokka/N3_annotated.gff
/mnt/seaes01-data01/nixon-microbiome/shared/bioinformatic_toolkit/output_repository/N3_prokka/N3_annotated.tsv
/mnt/seaes01-data01/nixon-microbiome/shared/bioinformatic_toolkit/output_repository/N3_prokka/N3_annotated.faa
/mnt/seaes01-data01/nixon-microbiome/shared/bioinformatic_toolkit/output_repository/F1_contigs_IDs_trimmed.fasta
/mnt/seaes01-data01/nixon-microbiome/shared/bioinformatic_toolkit/output_repository/O2_assembly/contigs.fasta
/mnt/seaes01-data01/nixon-microbiome/shared/bioinformatic_toolkit/output_repository/F1_assembly/contigs.fasta
/mnt/seaes01-data01/nixon-microbiome/shared/bioinformatic_toolkit/output_repository/F2_CLASS_kaiju.table
/mnt/seaes01-data01/nixon-microbiome/shared/bioinformatic_toolkit/output_repository/N2_quast_report
/mnt/seaes01-data01/nixon-microbiome/shared/bioinformatic_toolkit/output_repository/F1_quast_report
/mnt/seaes01-data01/nixon-microbiome/shared/bioinformatic_toolkit/output_repository/O1_contigs_filtered.fa
/mnt/seaes01-data01/nixon-microbiome/shared/bioinformatic_toolkit/output_repository/N1_prokka
/mnt/seaes01-data01/nixon-microbiome/shared/bioinformatic_toolkit/output_repository/N1_prokka/N1_annotated.gff
/mnt/seaes01-data01/nixon-microbiome/shared/bioinformatic_toolkit/output_repository/N1_prokka/N1_annotated.tsv
/mnt/seaes01-data01/nixon-microbiome/shared/bioinformatic_toolkit/output_repository/N1_prokka/N1_annotated.faa
/mnt/seaes01-data01/nixon-microbiome/shared/bioinformatic_toolkit/output_repository/F3_GENUS_kaiju.table
/mnt/seaes01-data01/nixon-microbiome/shared/bioinformatic_toolkit/output_repository/O3_assembly/contigs.fasta
/mnt/seaes01-data01/nixon-microbiome/shared/bioinformatic_toolkit/output_repository/F2_assembly/contigs.fasta
/mnt/seaes01-data01/nixon-microbiome/shared/bioinformatic_toolkit/output_repository/N3_quast_report
/mnt/seaes01-data01/nixon-microbiome/shared/bioinformatic_toolkit/output_repository/O3_contigs_IDs_trimmed.fasta
/mnt/seaes01-data01/nixon-microbiome/shared/bioinformatic_toolkit/output_repository/O3_prokka
/mnt/seaes01-data01/nixon-microbiome/shared/bioinformatic_toolkit/output_repository/O3_prokka/O3_annotated.gff
/mnt/seaes01-data01/nixon-microbiome/shared/bioinformatic_toolkit/output_repository/O3_prokka/O3_annotated.tsv
/mnt/seaes01-data01/nixon-microbiome/shared/bioinformatic_toolkit/output_repository/O3_prokka/O3_annotated.faa
/mnt/seaes01-data01/nixon-microbiome/shared/bioinformatic_toolkit/output_repository/N2_contigs_filtered.fa
/mnt/seaes01-data01/nixon-microbiome/shared/bioinformatic_toolkit/output_repository/F2_contigs_IDs_trimmed.fasta
/mnt/seaes01-data01/nixon-microbiome/shared/bioinformatic_toolkit/output_repository/O2_contigs_filtered.fa
/mnt/seaes01-data01/nixon-microbiome/shared/bioinformatic_toolkit/output_repository/F3_assembly/contigs.fasta
/mnt/seaes01-data01/nixon-microbiome/shared/bioinformatic_toolkit/output_repository/O4_contigs_filtered.fa
/mnt/seaes01-data01/nixon-microbiome/shared/bioinformatic_toolkit/output_repository/O1_prokka
/mnt/seaes01-data01/nixon-microbiome/shared/bioinformatic_toolkit/output_repository/O1_prokka/O1_annotated.gff
/mnt/seaes01-data01/nixon-microbiome/shared/bioinformatic_toolkit/output_repository/O1_prokka/O1_annotated.tsv
/mnt/seaes01-data01/nixon-microbiome/shared/bioinformatic_toolkit/output_repository/O1_prokka/O1_annotated.faa
/mnt/seaes01-data01/nixon-microbiome/shared/bioinformatic_toolkit/output_repository/F3_contigs_filtered.fa
/mnt/seaes01-data01/nixon-microbiome/shared/bioinformatic_toolkit/output_repository/F1_prokka
/mnt/seaes01-data01/nixon-microbiome/shared/bioinformatic_toolkit/output_repository/F1_prokka/F1_annotated.gff
/mnt/seaes01-data01/nixon-microbiome/shared/bioinformatic_toolkit/output_repository/F1_prokka/F1_annotated.tsv
/mnt/seaes01-data01/nixon-microbiome/shared/bioinformatic_toolkit/output_repository/F1_prokka/F1_annotated.faa
/mnt/seaes01-data01/nixon-microbiome/shared/bioinformatic_toolkit/output_repository/O2_quast_report
/mnt/seaes01-data01/nixon-microbiome/shared/bioinformatic_toolkit/output_repository/F2_quast_report
/mnt/seaes01-data01/nixon-microbiome/shared/bioinformatic_toolkit/output_repository/N2_prokka
/mnt/seaes01-data01/nixon-microbiome/shared/bioinformatic_toolkit/output_repository/N2_prokka/N2_annotated.gff
/mnt/seaes01-data01/nixon-microbiome/shared/bioinformatic_toolkit/output_repository/N2_prokka/N2_annotated.tsv
/mnt/seaes01-data01/nixon-microbiome/shared/bioinformatic_toolkit/output_repository/N2_prokka/N2_annotated.faa
